
Microsoft Visual Studio Solution File, Format Version 12.00
Project("{FAE04EC0-301F-11D3-BF4B-00C04F79EFBC}") = "CustomerDatalayer", "src\CustomerDatalayer\CustomerDatalayer.csproj", "{868B3C14-2E41-4E94-A46D-27953B121FA6}"
EndProject
Project("{2150E333-8FDC-42A3-9474-1A3956D46DE8}") = "src", "src", "{BA00F1D0-7CEC-4EB0-96DA-4FB930FEB360}"
EndProject
Project("{2150E333-8FDC-42A3-9474-1A3956D46DE8}") = "tests", "tests", "{9D141A04-4095-4169-AFFA-66575401DBFD}"
EndProject
Project("{FAE04EC0-301F-11D3-BF4B-00C04F79EFBC}") = "CustomerDatalayer.Tests", "tests\CustomerDatalayer.Tests\CustomerDatalayer.Tests.csproj", "{5485555E-1582-4572-ABD2-AA2562B94EA8}"
EndProject
Project("{FAE04EC0-301F-11D3-BF4B-00C04F79EFBC}") = "CustomerDatalayer.IntegrationTests", "tests\CustomerDatalayer.IntegrationTests\CustomerDatalayer.IntegrationTests.csproj", "{A82F7FAF-8F04-4CC0-8427-054C307AD3C0}"
EndProject
Project("{FAE04EC0-301F-11D3-BF4B-00C04F79EFBC}") = "CustomerDatalayer.WebAPI", "src\CustomerDatalayer.WebAPI\CustomerDatalayer.WebAPI.csproj", "{4DF6B725-BCC4-4CEC-B629-4222F087726A}"
EndProject
Global
	GlobalSection(SolutionConfigurationPlatforms) = preSolution
		Debug|Any CPU = Debug|Any CPU
		Release|Any CPU = Release|Any CPU
	EndGlobalSection
	GlobalSection(ProjectConfigurationPlatforms) = postSolution
		{868B3C14-2E41-4E94-A46D-27953B121FA6}.Debug|Any CPU.ActiveCfg = Debug|Any CPU
		{868B3C14-2E41-4E94-A46D-27953B121FA6}.Debug|Any CPU.Build.0 = Debug|Any CPU
		{868B3C14-2E41-4E94-A46D-27953B121FA6}.Release|Any CPU.ActiveCfg = Release|Any CPU
		{868B3C14-2E41-4E94-A46D-27953B121FA6}.Release|Any CPU.Build.0 = Release|Any CPU
		{5485555E-1582-4572-ABD2-AA2562B94EA8}.Debug|Any CPU.ActiveCfg = Debug|Any CPU
		{5485555E-1582-4572-ABD2-AA2562B94EA8}.Debug|Any CPU.Build.0 = Debug|Any CPU
		{5485555E-1582-4572-ABD2-AA2562B94EA8}.Release|Any CPU.ActiveCfg = Release|Any CPU
		{5485555E-1582-4572-ABD2-AA2562B94EA8}.Release|Any CPU.Build.0 = Release|Any CPU
		{A82F7FAF-8F04-4CC0-8427-054C307AD3C0}.Debug|Any CPU.ActiveCfg = Debug|Any CPU
		{A82F7FAF-8F04-4CC0-8427-054C307AD3C0}.Debug|Any CPU.Build.0 = Debug|Any CPU
		{A82F7FAF-8F04-4CC0-8427-054C307AD3C0}.Release|Any CPU.ActiveCfg = Release|Any CPU
		{A82F7FAF-8F04-4CC0-8427-054C307AD3C0}.Release|Any CPU.Build.0 = Release|Any CPU
		{4DF6B725-BCC4-4CEC-B629-4222F087726A}.Debug|Any CPU.ActiveCfg = Debug|Any CPU
		{4DF6B725-BCC4-4CEC-B629-4222F087726A}.Debug|Any CPU.Build.0 = Debug|Any CPU
		{4DF6B725-BCC4-4CEC-B629-4222F087726A}.Release|Any CPU.ActiveCfg = Release|Any CPU
		{4DF6B725-BCC4-4CEC-B629-4222F087726A}.Release|Any CPU.Build.0 = Release|Any CPU
	EndGlobalSection
	GlobalSection(NestedProjects) = preSolution
		{868B3C14-2E41-4E94-A46D-27953B121FA6} = {BA00F1D0-7CEC-4EB0-96DA-4FB930FEB360}
		{5485555E-1582-4572-ABD2-AA2562B94EA8} = {9D141A04-4095-4169-AFFA-66575401DBFD}
		{A82F7FAF-8F04-4CC0-8427-054C307AD3C0} = {9D141A04-4095-4169-AFFA-66575401DBFD}
		{4DF6B725-BCC4-4CEC-B629-4222F087726A} = {BA00F1D0-7CEC-4EB0-96DA-4FB930FEB360}
	EndGlobalSection
EndGlobal
